lockfileVersion: 5.3

overrides:
  '@faker-js/faker': link:../../faker.js

specifiers:
  '@faker-js/faker': link:../../faker.js
  esno: 0.14.1
  typescript: 4.6.2

dependencies:
  '@faker-js/faker': link:../../faker.js

devDependencies:
  esno: 0.14.1
  typescript: 4.6.2

packages:

  /builtins/4.0.0:
    resolution: {integrity: sha512-qC0E2Dxgou1IHhvJSLwGDSTvokbRovU5zZFuDY6oY8Y2lF3nGt5Ad8YZK7GMtqzY84Wu7pXTPeHQeHcXSXsRhw==}
    dependencies:
      semver: 7.3.5
    dev: true

  /cross-spawn/7.0.3:
    resolution: {integrity: sha512-iRDPJKUPVEND7dHPO8rkbOnPpyDygcDFtWjpeWNCgy8WP2rXcxXL8TskReQl6OrB2G7+UJrags1q15Fudc7G6w==}
    engines: {node: '>= 8'}
    dependencies:
      path-key: 3.1.1
      shebang-command: 2.0.0
      which: 2.0.2
    dev: true

  /esbuild-android-arm64/0.14.12:
    resolution: {integrity: sha512-eO4JHwnTeJq1/xC9K0FdHNEYztwT0HaWHnOzR5kXKwJxHatxDNZ+lCHOSxMzh9uVSmnA8YwdSiXPWbwTlWZVrw==}
    cpu: [arm64]
    os: [android]
    requiresBuild: true
    dev: true
    optional: true

  /esbuild-darwin-64/0.14.12:
    resolution: {integrity: sha512-LyZ81assnJWhq2IxKEVipwddKlXLTubbz/IObyKOm5cWS9jQCpuwQey2PpzroWSiy7QLGV8XCGWY5b8U8fsmWA==}
    cpu: [x64]
    os: [darwin]
    requiresBuild: true
    dev: true
    optional: true

  /esbuild-darwin-arm64/0.14.12:
    resolution: {integrity: sha512-jj27iSbDS4KlftN1PHHNiTrtXPQIk11J/qpQiQLwKJpeEMNeJUBfQlS7X7dXgFFMxV0rNtcRl8AimEFl+qEMRQ==}
    cpu: [arm64]
    os: [darwin]
    requiresBuild: true
    dev: true
    optional: true

  /esbuild-freebsd-64/0.14.12:
    resolution: {integrity: sha512-RnTty09bA8Ts/eWnrJsYiE2dFM6ZseKYQ/7QCM5QYphU6GbifooO9oGjc/UE3Sg8R58yZVO15vnIV0i+kTgDOw==}
    cpu: [x64]
    os: [freebsd]
    requiresBuild: true
    dev: true
    optional: true

  /esbuild-freebsd-arm64/0.14.12:
    resolution: {integrity: sha512-AvAQoEgsHE53hucgoVWdHnXJBl0r9W/7eUCaBvpcgYu3W/EbPZ26VnZwfSXLpk0Pf3t7o6SRwrU+KDTKPscDTw==}
    cpu: [arm64]
    os: [freebsd]
    requiresBuild: true
    dev: true
    optional: true

  /esbuild-linux-32/0.14.12:
    resolution: {integrity: sha512-na4I5i2c9ACPuglfYmrnJ6qGQnFJb59dFjyFk5OHTCtoKCq3lXbGHrvYa+3sYlOrRax1kYuRDRGse7YsDLbr3Q==}
    cpu: [ia32]
    os: [linux]
    requiresBuild: true
    dev: true
    optional: true

  /esbuild-linux-64/0.14.12:
    resolution: {integrity: sha512-ObPoYGakJLx/RldQsFQiwsQ7N9YbQ4LLazHtpKx34bjqFjhqO5JiHPVAJYCmAtci3cJMsZ5DtEFXvijytTBz1g==}
    cpu: [x64]
    os: [linux]
    requiresBuild: true
    dev: true
    optional: true

  /esbuild-linux-arm/0.14.12:
    resolution: {integrity: sha512-tD4q/zVUeYkThGehYAJQElo80+ysxvq5vpd2QvykDp4hvIidEUJu2hf+NzG5OuMJSQJmAeAWPrkFOXN+6di9cA==}
    cpu: [arm]
    os: [linux]
    requiresBuild: true
    dev: true
    optional: true

  /esbuild-linux-arm64/0.14.12:
    resolution: {integrity: sha512-i1/ikCl9gG9yx6QuI+8yJMk9XHUu8ekIQOo6cex2pDqXY5KVHSXDTAT4FDWOd5YXQ1QTjneBAQHcKGft4pd6PQ==}
    cpu: [arm64]
    os: [linux]
    requiresBuild: true
    dev: true
    optional: true

  /esbuild-linux-mips64le/0.14.12:
    resolution: {integrity: sha512-+/a6/tiKUCENep8ryUR75Jba4znG51Sb75OzKT6phZFEkB7fao4+GZD39Zxx3EaaA5OC10MsJPjJMFrn0dMusg==}
    cpu: [mips64el]
    os: [linux]
    requiresBuild: true
    dev: true
    optional: true

  /esbuild-linux-ppc64le/0.14.12:
    resolution: {integrity: sha512-SD7e2VLza/cEU2qKuD18Ibt1V0h3TUuerC1Mp3jRJ4RRGXWAyUt4gUpqKSiB7R0rHe6LWECdLbeVFAuGEntCeA==}
    cpu: [ppc64]
    os: [linux]
    requiresBuild: true
    dev: true
    optional: true

  /esbuild-linux-s390x/0.14.12:
    resolution: {integrity: sha512-KZmjYgAvYUpPBG0v6xv8qCngbfcRKC2AdYx3H3j3VqJfICgjt5XYsyG7ntWdc8Rdw9jZxr9sni6othy2Rp/T+A==}
    cpu: [s390x]
    os: [linux]
    requiresBuild: true
    dev: true
    optional: true

  /esbuild-netbsd-64/0.14.12:
    resolution: {integrity: sha512-dG+hbCIJC65fHqzkTEYbrPSYG3m8pEaI9A1VDtqHfV13Oiw9/tua1odd47iwoWvTyurErb49wanHsIAKb8/2oQ==}
    cpu: [x64]
    os: [netbsd]
    requiresBuild: true
    dev: true
    optional: true

  /esbuild-node-loader/0.6.5:
    resolution: {integrity: sha512-uPP+dllWm38cFvDysdocutN3lfe5pTIbddAHp1ENyLzpHYqE2r+3Wo+pfg9X3p8DFWwzIisft5YkeBIthIcixw==}
    dependencies:
      esbuild: 0.14.12
    dev: true

  /esbuild-openbsd-64/0.14.12:
    resolution: {integrity: sha512-W3SwxnMjJR3HtBD0aij5WPd0ow2bRB5BsW6FjhN7FgwDBQ+jgniFs1dq54HOkjQ2qBJrt8JvPDFAxacWjdD6Jw==}
    cpu: [x64]
    os: [openbsd]
    requiresBuild: true
    dev: true
    optional: true

  /esbuild-register/3.3.2_esbuild@0.14.12:
    resolution: {integrity: sha512-jceAtTO6zxPmCfSD5cBb3rgIK1vmuqCKYwgylHiS1BF4pq0jJiJb4K2QMuqF4BEw7XDBRatYzip0upyTzfkgsQ==}
    peerDependencies:
      esbuild: '>=0.12 <1'
    dependencies:
      esbuild: 0.14.12
    dev: true

  /esbuild-sunos-64/0.14.12:
    resolution: {integrity: sha512-jU/IcTFwvUtt21wOmqKJrevyHQ5XRfiCdFbPie4wsYr8VFcPZZsz18A9lcoI8gZdrF/8pBdD0V+L2UuUY0KsGg==}
    cpu: [x64]
    os: [sunos]
    requiresBuild: true
    dev: true
    optional: true

  /esbuild-windows-32/0.14.12:
    resolution: {integrity: sha512-6luae9cmTB0rSPMCQFWMgf0SLNZ9hxusoS0poVEUHJf3n8bW6wgdyLE2xfYcEcXPMsjAt2e71/etkpqlFxeuYg==}
    cpu: [ia32]
    os: [win32]
    requiresBuild: true
    dev: true
    optional: true

  /esbuild-windows-64/0.14.12:
    resolution: {integrity: sha512-CdCXvME/7s0uMt+4rYd8d5roHJJ5k2VDOzWaOMWExjroet+nSSZngfLpxI5St+28lXLeBorUxeBS+p1qcfEDfw==}
    cpu: [x64]
    os: [win32]
    requiresBuild: true
    dev: true
    optional: true

  /esbuild-windows-arm64/0.14.12:
    resolution: {integrity: sha512-vNuLQh/MpYDepK0GNpEWHy0Kn7Jf3Shz/Xetf8hUIc31jgCR1qbLVLDf3ckQdanD2U430YZupOGtEZKRwno79w==}
    cpu: [arm64]
    os: [win32]
    requiresBuild: true
    dev: true
    optional: true

  /esbuild/0.14.12:
    resolution: {integrity: sha512-o1vQkG+eSDLkWDqWfR8v6eI+byGAUkbRs30eAJcJxUFp3dwMGWR0tAjtam1Bb1RSS2j+4kAUFiuJTnW3J4CYcw==}
    hasBin: true
    requiresBuild: true
    optionalDependencies:
      esbuild-android-arm64: 0.14.12
      esbuild-darwin-64: 0.14.12
      esbuild-darwin-arm64: 0.14.12
      esbuild-freebsd-64: 0.14.12
      esbuild-freebsd-arm64: 0.14.12
      esbuild-linux-32: 0.14.12
      esbuild-linux-64: 0.14.12
      esbuild-linux-arm: 0.14.12
      esbuild-linux-arm64: 0.14.12
      esbuild-linux-mips64le: 0.14.12
      esbuild-linux-ppc64le: 0.14.12
      esbuild-linux-s390x: 0.14.12
      esbuild-netbsd-64: 0.14.12
      esbuild-openbsd-64: 0.14.12
      esbuild-sunos-64: 0.14.12
      esbuild-windows-32: 0.14.12
      esbuild-windows-64: 0.14.12
      esbuild-windows-arm64: 0.14.12
    dev: true

  /esno/0.14.1:
    resolution: {integrity: sha512-yDFYw6dGUjCT1qKsdG7WOc/RzIh/qwxUEVZ+ohCltaxBxEFMNqeqbQL9xjRl6Yvdwrfc5OCjUA9JbFmuu/8BKg==}
    hasBin: true
    dependencies:
      cross-spawn: 7.0.3
      esbuild: 0.14.12
      esbuild-node-loader: 0.6.5
      esbuild-register: 3.3.2_esbuild@0.14.12
      import-meta-resolve: 1.1.1
    dev: true

  /import-meta-resolve/1.1.1:
    resolution: {integrity: sha512-JiTuIvVyPaUg11eTrNDx5bgQ/yMKMZffc7YSjvQeSMXy58DO2SQ8BtAf3xteZvmzvjYh14wnqNjL8XVeDy2o9A==}
    dependencies:
      builtins: 4.0.0
    dev: true

  /isexe/2.0.0:
    resolution: {integrity: sha1-6PvzdNxVb/iUehDcsFctYz8s+hA=}
    dev: true

  /lru-cache/6.0.0:
    resolution: {integrity: sha512-Jo6dJ04CmSjuznwJSS3pUeWmd/H0ffTlkXXgwZi+eq1UCmqQwCh+eLsYOYCwY991i2Fah4h1BEMCx4qThGbsiA==}
    engines: {node: '>=10'}
    dependencies:
      yallist: 4.0.0
    dev: true

  /path-key/3.1.1:
    resolution: {integrity: sha512-ojmeN0qd+y0jszEtoY48r0Peq5dwMEkIlCOu6Q5f41lfkswXuKtYrhgoTpLnyIcHm24Uhqx+5Tqm2InSwLhE6Q==}
    engines: {node: '>=8'}
    dev: true

  /semver/7.3.5:
    resolution: {integrity: sha512-PoeGJYh8HK4BTO/a9Tf6ZG3veo/A7ZVsYrSA6J8ny9nb3B1VrpkuN+z9OE5wfE5p6H4LchYZsegiQgbJD94ZFQ==}
    engines: {node: '>=10'}
    hasBin: true
    dependencies:
      lru-cache: 6.0.0
    dev: true

  /shebang-command/2.0.0:
    resolution: {integrity: sha512-kHxr2zZpYtdmrN1qDjrrX/Z1rR1kG8Dx+gkpK1G4eXmvXswmcE1hTWBWYUzlraYw1/yZp6YuDY77YtvbN0dmDA==}
    engines: {node: '>=8'}
    dependencies:
      shebang-regex: 3.0.0
    dev: true

  /shebang-regex/3.0.0:
    resolution: {integrity: sha512-7++dFhtcx3353uBaq8DDR4NuxBetBzC7ZQOhmTQInHEd6bSrXdiEyzCvG07Z44UYdLShWUyXt5M/yhz8ekcb1A==}
    engines: {node: '>=8'}
    dev: true

  /typescript/4.6.2:
    resolution: {integrity: sha512-HM/hFigTBHZhLXshn9sN37H085+hQGeJHJ/X7LpBWLID/fbc2acUMfU+lGD98X81sKP+pFa9f0DZmCwB9GnbAg==}
    engines: {node: '>=4.2.0'}
    hasBin: true
    dev: true

  /which/2.0.2:
    resolution: {integrity: sha512-BLI3Tl1TW3Pvl70l3yq3Y64i+awpwXqsGBYWkkqMtnbXgrMD+yj7rhW0kuEDxzJaYXGjEW5ogapKNMEKNMjibA==}
    engines: {node: '>= 8'}
    hasBin: true
    dependencies:
      isexe: 2.0.0
    dev: true

  /yallist/4.0.0:
    resolution: {integrity: sha512-3wdGidZyq5PB084XLES5TpOSRA3wjXAlIWMhum2kRcv/41Sn2emQ0dycQW4uZXLejwKvg6EsvbdlVL+FYEct7A==}
    dev: true
